
Microsoft Visual Studio Solution File, Format Version 12.00
# Visual Studio Version 17
VisualStudioVersion = 17.13.35919.96 d17.13
MinimumVisualStudioVersion = 10.0.40219.1
Project("{FAE04EC0-301F-11D3-BF4B-00C04F79EFBC}") = "Factory Test", "Factory Test.csproj", "{202FD004-6BA8-41CB-B6BE-68D0D3FC608A}"
EndProject
Global
	GlobalSection(SolutionConfigurationPlatforms) = preSolution
		Debug|Any CPU = Debug|Any CPU
		Release|Any CPU = Release|Any CPU
	EndGlobalSection
	GlobalSection(ProjectConfigurationPlatforms) = postSolution
		{202FD004-6BA8-41CB-B6BE-68D0D3FC608A}.Debug|Any CPU.ActiveCfg = Debug|Any CPU
		{202FD004-6BA8-41CB-B6BE-68D0D3FC608A}.Debug|Any CPU.Build.0 = Debug|Any CPU
		{202FD004-6BA8-41CB-B6BE-68D0D3FC608A}.Release|Any CPU.ActiveCfg = Release|Any CPU
		{202FD004-6BA8-41CB-B6BE-68D0D3FC608A}.Release|Any CPU.Build.0 = Release|Any CPU
	EndGlobalSection
	GlobalSection(SolutionProperties) = preSolution
		HideSolutionNode = FALSE
	EndGlobalSection
	GlobalSection(ExtensibilityGlobals) = postSolution
		SolutionGuid = {0364F3FD-060E-4A17-B9FB-7AF4B324CDB2}
	EndGlobalSection
EndGlobal
